// !$*UTF8*$!
{
	archiveVersion = 1;
	classes = {
	};
	objectVersion = 77;
	objects = {

/* Begin PBXBuildFile section */
		EE1F2A032FA3B5250018E2EC /* ElevenLabs in Frameworks */ = {isa = PBXBuildFile; productRef = EE1F2A012FA3B5250018E2EC /* ElevenLabs */; };
		EE646C492FABC99F00CD80D5 /* GolfTrackWatch Watch App.app in Embed Watch Content */ = {isa = PBXBuildFile; fileRef = EE646C292FABC99D00CD80D5 /* GolfTrackWatch Watch App.app */; settings = {ATTRIBUTES = (RemoveHeadersOnCopy, ); }; };
		EE6ED9232FCA2DB400A3C70D /* StoreKit.framework in Frameworks */ = {isa = PBXBuildFile; fileRef = EE6ED9222FCA2DB400A3C70D /* StoreKit.framework */; };
		EEB4CF832FB4BB5F00E6D6A5 /* WidgetKit.framework in Frameworks */ = {isa = PBXBuildFile; fileRef = EEB4CF822FB4BB5F00E6D6A5 /* WidgetKit.framework */; };
		EEB4CF852FB4BB5F00E6D6A5 /* SwiftUI.framework in Frameworks */ = {isa = PBXBuildFile; fileRef = EEB4CF842FB4BB5F00E6D6A5 /* SwiftUI.framework */; };
		EEB4CF942FB4BB6100E6D6A5 /* GolfWidgetExtension.appex in Embed Foundation Extensions */ = {isa = PBXBuildFile; fileRef = EEB4CF802FB4BB5F00E6D6A5 /* GolfWidgetExtension.appex */; settings = {ATTRIBUTES = (RemoveHeadersOnCopy, ); }; };
		EEFB8CE12FB9196B0045E2F2 /* Localizable.xcstrings in Resources */ = {isa = PBXBuildFile; fileRef = EEFB8CE02FB9196B0045E2F2 /* Localizable.xcstrings */; };
/* End PBXBuildFile section */

/* Begin PBXContainerItemProxy section */
		EE0A1E912FA3B5260018E2EC /* PBXContainerItemProxy */ = {
			isa = PBXContainerItemProxy;
			containerPortal = EE0A1E7B2FA3B5250018E2EC /* Project object */;
			proxyType = 1;
			remoteGlobalIDString = EE0A1E822FA3B5250018E2EC;
			remoteInfo = GolfTrackApp;
		};
		EE0A1E9B2FA3B5260018E2EC /* PBXContainerItemProxy */ = {
			isa = PBXContainerItemProxy;
			containerPortal = EE0A1E7B2FA3B5250018E2EC /* Project object */;
			proxyType = 1;
			remoteGlobalIDString = EE0A1E822FA3B5250018E2EC;
			remoteInfo = GolfTrackApp;
		};
		EE646C362FABC99F00CD80D5 /* PBXContainerItemProxy */ = {
			isa = PBXContainerItemProxy;
			containerPortal = EE0A1E7B2FA3B5250018E2EC /* Project object */;
			proxyType = 1;
			remoteGlobalIDString = EE646C282FABC99D00CD80D5;
			remoteInfo = "GolfTrackWatch Watch App";
		};
		EE646C402FABC99F00CD80D5 /* PBXContainerItemProxy */ = {
			isa = PBXContainerItemProxy;
			containerPortal = EE0A1E7B2FA3B5250018E2EC /* Project object */;
			proxyType = 1;
			remoteGlobalIDString = EE646C282FABC99D00CD80D5;
			remoteInfo = "GolfTrackWatch Watch App";
		};
		EE646C472FABC99F00CD80D5 /* PBXContainerItemProxy */ = {
			isa = PBXContainerItemProxy;
			containerPortal = EE0A1E7B2FA3B5250018E2EC /* Project object */;
			proxyType = 1;
			remoteGlobalIDString = EE646C282FABC99D00CD80D5;
			remoteInfo = "GolfTrackWatch Watch App";
		};
		EEB4CF922FB4BB6100E6D6A5 /* PBXContainerItemProxy */ = {
			isa = PBXContainerItemProxy;
			containerPortal = EE0A1E7B2FA3B5250018E2EC /* Project object */;
			proxyType = 1;
			remoteGlobalIDString = EEB4CF7F2FB4BB5F00E6D6A5;
			remoteInfo = GolfWidgetExtension;
		};
/* End PBXContainerItemProxy section */

/* Begin PBXCopyFilesBuildPhase section */
		EE646C4D2FABC99F00CD80D5 /* Embed Watch Content */ = {
			isa = PBXCopyFilesBuildPhase;
			buildActionMask = 2147483647;
			dstPath = "$(CONTENTS_FOLDER_PATH)/Watch";
			dstSubfolderSpec = 16;
			files = (
				EE646C492FABC99F00CD80D5 /* GolfTrackWatch Watch App.app in Embed Watch Content */,
			);
			name = "Embed Watch Content";
			runOnlyForDeploymentPostprocessing = 0;
		};
		EEB4CF992FB4BB6100E6D6A5 /* Embed Foundation Extensions */ = {
			isa = PBXCopyFilesBuildPhase;
			buildActionMask = 2147483647;
			dstPath = "";
			dstSubfolderSpec = 13;
			files = (
				EEB4CF942FB4BB6100E6D6A5 /* GolfWidgetExtension.appex in Embed Foundation Extensions */,
			);
			name = "Embed Foundation Extensions";
			runOnlyForDeploymentPostprocessing = 0;
		};
/* End PBXCopyFilesBuildPhase section */

/* Begin PBXFileReference section */
		EE0A1E832FA3B5250018E2EC /* GolfTrackApp.app */ = {isa = PBXFileReference; explicitFileType = wrapper.application; includeInIndex = 0; path = GolfTrackApp.app; sourceTree = BUILT_PRODUCTS_DIR; };
		EE0A1E902FA3B5260018E2EC /* GolfTrackAppTests.xctest */ = {isa = PBXFileReference; explicitFileType = wrapper.cfbundle; includeInIndex = 0; path = GolfTrackAppTests.xctest; sourceTree = BUILT_PRODUCTS_DIR; };
		EE0A1E9A2FA3B5260018E2EC /* GolfTrackAppUITests.xctest */ = {isa = PBXFileReference; explicitFileType = wrapper.cfbundle; includeInIndex = 0; path = GolfTrackAppUITests.xctest; sourceTree = BUILT_PRODUCTS_DIR; };
		EE646C292FABC99D00CD80D5 /* GolfTrackWatch Watch App.app */ = {isa = PBXFileReference; explicitFileType = wrapper.application; includeInIndex = 0; path = "GolfTrackWatch Watch App.app"; sourceTree = BUILT_PRODUCTS_DIR; };
		EE646C352FABC99F00CD80D5 /* GolfTrackWatch Watch AppTests.xctest */ = {isa = PBXFileReference; explicitFileType = wrapper.cfbundle; includeInIndex = 0; path = "GolfTrackWatch Watch AppTests.xctest"; sourceTree = BUILT_PRODUCTS_DIR; };
		EE646C3F2FABC99F00CD80D5 /* GolfTrackWatch Watch AppUITests.xctest */ = {isa = PBXFileReference; explicitFileType = wrapper.cfbundle; includeInIndex = 0; path = "GolfTrackWatch Watch AppUITests.xctest"; sourceTree = BUILT_PRODUCTS_DIR; };
		EE6ED9222FCA2DB400A3C70D /* StoreKit.framework */ = {isa = PBXFileReference; lastKnownFileType = wrapper.framework; name = StoreKit.framework; path = System/Library/Frameworks/StoreKit.framework; sourceTree = SDKROOT; };
		EEB4CF802FB4BB5F00E6D6A5 /* GolfWidgetExtension.appex */ = {isa = PBXFileReference; explicitFileType = "wrapper.app-extension"; includeInIndex = 0; path = GolfWidgetExtension.appex; sourceTree = BUILT_PRODUCTS_DIR; };
		EEB4CF822FB4BB5F00E6D6A5 /* WidgetKit.framework */ = {isa = PBXFileReference; lastKnownFileType = wrapper.framework; name = WidgetKit.framework; path = System/Library/Frameworks/WidgetKit.framework; sourceTree = SDKROOT; };
		EEB4CF842FB4BB5F00E6D6A5 /* SwiftUI.framework */ = {isa = PBXFileReference; lastKnownFileType = wrapper.framework; name = SwiftUI.framework; path = System/Library/Frameworks/SwiftUI.framework; sourceTree = SDKROOT; };
		EEB4CF9B2FB4BBAE00E6D6A5 /* Assets.xcassets */ = {isa = PBXFileReference; lastKnownFileType = folder.assetcatalog; path = Assets.xcassets; sourceTree = "<group>"; };
		EEB4CF9C2FB4BBAE00E6D6A5 /* GolfWidget.entitlements */ = {isa = PBXFileReference; lastKnownFileType = text.plist.entitlements; path = GolfWidget.entitlements; sourceTree = "<group>"; };
		EEB4CF9D2FB4BBAE00E6D6A5 /* Info.plist */ = {isa = PBXFileReference; lastKnownFileType = text.plist.xml; path = Info.plist; sourceTree = "<group>"; };
		EEFB8CE02FB9196B0045E2F2 /* Localizable.xcstrings */ = {isa = PBXFileReference; lastKnownFileType = text.json.xcstrings; path = Localizable.xcstrings; sourceTree = "<group>"; };
/* End PBXFileReference section */

/* Begin PBXFileSystemSynchronizedBuildFileExceptionSet section */
		EE0A1EAE2FA3B7CD0018E2EC /* Exceptions for "GolfTrackApp" folder in "GolfTrackApp" target */ = {
			isa = PBXFileSystemSynchronizedBuildFileExceptionSet;
			membershipExceptions = (
				Info.plist,
			);
			target = EE0A1E822FA3B5250018E2EC /* GolfTrackApp */;
		};
		EEB4CF982FB4BB6100E6D6A5 /* Exceptions for "GolfWidget" folder in "GolfWidgetExtension" target */ = {
			isa = PBXFileSystemSynchronizedBuildFileExceptionSet;
			membershipExceptions = (
				Info.plist,
			);
			target = EEB4CF7F2FB4BB5F00E6D6A5 /* GolfWidgetExtension */;
		};
/* End PBXFileSystemSynchronizedBuildFileExceptionSet section */

/* Begin PBXFileSystemSynchronizedRootGroup section */
		EE0A1E852FA3B5250018E2EC /* GolfTrackApp */ = {
			isa = PBXFileSystemSynchronizedRootGroup;
			exceptions = (
				EE0A1EAE2FA3B7CD0018E2EC /* Exceptions for "GolfTrackApp" folder in "GolfTrackApp" target */,
			);
			path = GolfTrackApp;
			sourceTree = "<group>";
		};
		EE0A1E932FA3B5260018E2EC /* GolfTrackAppTests */ = {
			isa = PBXFileSystemSynchronizedRootGroup;
			path = GolfTrackAppTests;
			sourceTree = "<group>";
		};
		EE0A1E9D2FA3B5260018E2EC /* GolfTrackAppUITests */ = {
			isa = PBXFileSystemSynchronizedRootGroup;
			path = GolfTrackAppUITests;
			sourceTree = "<group>";
		};
		EE646C2A2FABC99D00CD80D5 /* GolfTrackWatch Watch App */ = {
			isa = PBXFileSystemSynchronizedRootGroup;
			path = "GolfTrackWatch Watch App";
			sourceTree = "<group>";
		};
		EE646C382FABC99F00CD80D5 /* GolfTrackWatch Watch AppTests */ = {
			isa = PBXFileSystemSynchronizedRootGroup;
			path = "GolfTrackWatch Watch AppTests";
			sourceTree = "<group>";
		};
		EE646C422FABC99F00CD80D5 /* GolfTrackWatch Watch AppUITests */ = {
			isa = PBXFileSystemSynchronizedRootGroup;
			path = "GolfTrackWatch Watch AppUITests";
			sourceTree = "<group>";
		};
		EEB4CF862FB4BB5F00E6D6A5 /* GolfWidget */ = {
			isa = PBXFileSystemSynchronizedRootGroup;
			exceptions = (
				EEB4CF982FB4BB6100E6D6A5 /* Exceptions for "GolfWidget" folder in "GolfWidgetExtension" target */,
			);
			path = GolfWidget;
			sourceTree = "<group>";
		};
/* End PBXFileSystemSynchronizedRootGroup section */

/* Begin PBXFrameworksBuildPhase section */
		EE0A1E802FA3B5250018E2EC /* Frameworks */ = {
			isa = PBXFrameworksBuildPhase;
			buildActionMask = 2147483647;
			files = (
				EE1F2A032FA3B5250018E2EC /* ElevenLabs in Frameworks */,
				EE6ED9232FCA2DB400A3C70D /* StoreKit.framework in Frameworks */,
			);
			runOnlyForDeploymentPostprocessing = 0;
		};
		EE0A1E8D2FA3B5260018E2EC /* Frameworks */ = {
			isa = PBXFrameworksBuildPhase;
			buildActionMask = 2147483647;
			files = (
			);
			runOnlyForDeploymentPostprocessing = 0;
		};
		EE0A1E972FA3B5260018E2EC /* Frameworks */ = {
			isa = PBXFrameworksBuildPhase;
			buildActionMask = 2147483647;
			files = (
			);
			runOnlyForDeploymentPostprocessing = 0;
		};
		EE646C262FABC99D00CD80D5 /* Frameworks */ = {
			isa = PBXFrameworksBuildPhase;
			buildActionMask = 2147483647;
			files = (
			);
			runOnlyForDeploymentPostprocessing = 0;
		};
		EE646C322FABC99F00CD80D5 /* Frameworks */ = {
			isa = PBXFrameworksBuildPhase;
			buildActionMask = 2147483647;
			files = (
			);
			runOnlyForDeploymentPostprocessing = 0;
		};
		EE646C3C2FABC99F00CD80D5 /* Frameworks */ = {
			isa = PBXFrameworksBuildPhase;
			buildActionMask = 2147483647;
			files = (
			);
			runOnlyForDeploymentPostprocessing = 0;
		};
		EEB4CF7D2FB4BB5F00E6D6A5 /* Frameworks */ = {
			isa = PBXFrameworksBuildPhase;
			buildActionMask = 2147483647;
			files = (
				EEB4CF852FB4BB5F00E6D6A5 /* SwiftUI.framework in Frameworks */,
				EEB4CF832FB4BB5F00E6D6A5 /* WidgetKit.framework in Frameworks */,
			);
			runOnlyForDeploymentPostprocessing = 0;
		};
/* End PBXFrameworksBuildPhase section */

/* Begin PBXGroup section */
		EE0A1E7A2FA3B5250018E2EC = {
			isa = PBXGroup;
			children = (
				EEB4CF9E2FB4BBAE00E6D6A5 /* GolfWidget */,
				EE0A1E852FA3B5250018E2EC /* GolfTrackApp */,
				EE0A1E932FA3B5260018E2EC /* GolfTrackAppTests */,
				EE0A1E9D2FA3B5260018E2EC /* GolfTrackAppUITests */,
				EE646C2A2FABC99D00CD80D5 /* GolfTrackWatch Watch App */,
				EE646C382FABC99F00CD80D5 /* GolfTrackWatch Watch AppTests */,
				EE646C422FABC99F00CD80D5 /* GolfTrackWatch Watch AppUITests */,
				EEB4CF862FB4BB5F00E6D6A5 /* GolfWidget */,
				EEB4CF812FB4BB5F00E6D6A5 /* Frameworks */,
				EE0A1E842FA3B5250018E2EC /* Products */,
				EEFB8CE02FB9196B0045E2F2 /* Localizable.xcstrings */,
			);
			sourceTree = "<group>";
		};
		EE0A1E842FA3B5250018E2EC /* Products */ = {
			isa = PBXGroup;
			children = (
				EE0A1E832FA3B5250018E2EC /* GolfTrackApp.app */,
				EE0A1E902FA3B5260018E2EC /* GolfTrackAppTests.xctest */,
				EE0A1E9A2FA3B5260018E2EC /* GolfTrackAppUITests.xctest */,
				EE646C292FABC99D00CD80D5 /* GolfTrackWatch Watch App.app */,
				EE646C352FABC99F00CD80D5 /* GolfTrackWatch Watch AppTests.xctest */,
				EE646C3F2FABC99F00CD80D5 /* GolfTrackWatch Watch AppUITests.xctest */,
				EEB4CF802FB4BB5F00E6D6A5 /* GolfWidgetExtension.appex */,
			);
			name = Products;
			sourceTree = "<group>";
		};
		EEB4CF812FB4BB5F00E6D6A5 /* Frameworks */ = {
			isa = PBXGroup;
			children = (
				EE6ED9222FCA2DB400A3C70D /* StoreKit.framework */,
				EEB4CF822FB4BB5F00E6D6A5 /* WidgetKit.framework */,
				EEB4CF842FB4BB5F00E6D6A5 /* SwiftUI.framework */,
			);
			name = Frameworks;
			sourceTree = "<group>";
		};
		EEB4CF9E2FB4BBAE00E6D6A5 /* GolfWidget */ = {
			isa = PBXGroup;
			children = (
				EEB4CF9B2FB4BBAE00E6D6A5 /* Assets.xcassets */,
				EEB4CF9C2FB4BBAE00E6D6A5 /* GolfWidget.entitlements */,
				EEB4CF9D2FB4BBAE00E6D6A5 /* Info.plist */,
			);
			path = GolfWidget;
			sourceTree = "<group>";
		};
/* End PBXGroup section */

/* Begin PBXNativeTarget section */
		EE0A1E822FA3B5250018E2EC /* GolfTrackApp */ = {
			isa = PBXNativeTarget;
			buildConfigurationList = EE0A1EA42FA3B5260018E2EC /* Build configuration list for PBXNativeTarget "GolfTrackApp" */;
			buildPhases = (
				EE0A1E7F2FA3B5250018E2EC /* Sources */,
				EE0A1E802FA3B5250018E2EC /* Frameworks */,
				EE0A1E812FA3B5250018E2EC /* Resources */,
				EE646C4D2FABC99F00CD80D5 /* Embed Watch Content */,
				EEB4CF992FB4BB6100E6D6A5 /* Embed Foundation Extensions */,
			);
			buildRules = (
			);
			dependencies = (
				EE646C482FABC99F00CD80D5 /* PBXTargetDependency */,
				EEB4CF932FB4BB6100E6D6A5 /* PBXTargetDependency */,
			);
			fileSystemSynchronizedGroups = (
				EE0A1E852FA3B5250018E2EC /* GolfTrackApp */,
			);
			name = GolfTrackApp;
			packageProductDependencies = (
				EE1F2A012FA3B5250018E2EC /* ElevenLabs */,
			);
			productName = GolfTrackApp;
			productReference = EE0A1E832FA3B5250018E2EC /* GolfTrackApp.app */;
			productType = "com.apple.product-type.application";
		};
		EE0A1E8F2FA3B5260018E2EC /* GolfTrackAppTests */ = {
			isa = PBXNativeTarget;
			buildConfigurationList = EE0A1EA72FA3B5260018E2EC /* Build configuration list for PBXNativeTarget "GolfTrackAppTests" */;
			buildPhases = (
				EE0A1E8C2FA3B5260018E2EC /* Sources */,
				EE0A1E8D2FA3B5260018E2EC /* Frameworks */,
				EE0A1E8E2FA3B5260018E2EC /* Resources */,
			);
			buildRules = (
			);
			dependencies = (
				EE0A1E922FA3B5260018E2EC /* PBXTargetDependency */,
			);
			fileSystemSynchronizedGroups = (
				EE0A1E932FA3B5260018E2EC /* GolfTrackAppTests */,
			);
			name = GolfTrackAppTests;
			packageProductDependencies = (
			);
			productName = GolfTrackAppTests;
			productReference = EE0A1E902FA3B5260018E2EC /* GolfTrackAppTests.xctest */;
			productType = "com.apple.product-type.bundle.unit-test";
		};
		EE0A1E992FA3B5260018E2EC /* GolfTrackAppUITests */ = {
			isa = PBXNativeTarget;
			buildConfigurationList = EE0A1EAA2FA3B5260018E2EC /* Build configuration list for PBXNativeTarget "GolfTrackAppUITests" */;
			buildPhases = (
				EE0A1E962FA3B5260018E2EC /* Sources */,
				EE0A1E972FA3B5260018E2EC /* Frameworks */,
				EE0A1E982FA3B5260018E2EC /* Resources */,
			);
			buildRules = (
			);
			dependencies = (
				EE0A1E9C2FA3B5260018E2EC /* PBXTargetDependency */,
			);
			fileSystemSynchronizedGroups = (
				EE0A1E9D2FA3B5260018E2EC /* GolfTrackAppUITests */,
			);
			name = GolfTrackAppUITests;
			packageProductDependencies = (
			);
			productName = GolfTrackAppUITests;
			productReference = EE0A1E9A2FA3B5260018E2EC /* GolfTrackAppUITests.xctest */;
			productType = "com.apple.product-type.bundle.ui-testing";
		};
		EE646C282FABC99D00CD80D5 /* GolfTrackWatch Watch App */ = {
			isa = PBXNativeTarget;
			buildConfigurationList = EE646C4A2FABC99F00CD80D5 /* Build configuration list for PBXNativeTarget "GolfTrackWatch Watch App" */;
			buildPhases = (
				EE646C252FABC99D00CD80D5 /* Sources */,
				EE646C262FABC99D00CD80D5 /* Frameworks */,
				EE646C272FABC99D00CD80D5 /* Resources */,
			);
			buildRules = (
			);
			dependencies = (
			);
			fileSystemSynchronizedGroups = (
				EE646C2A2FABC99D00CD80D5 /* GolfTrackWatch Watch App */,
			);
			name = "GolfTrackWatch Watch App";
			packageProductDependencies = (
			);
			productName = "GolfTrackWatch Watch App";
			productReference = EE646C292FABC99D00CD80D5 /* GolfTrackWatch Watch App.app */;
			productType = "com.apple.product-type.application";
		};
		EE646C342FABC99F00CD80D5 /* GolfTrackWatch Watch AppTests */ = {
			isa = PBXNativeTarget;
			buildConfigurationList = EE646C4E2FABC99F00CD80D5 /* Build configuration list for PBXNativeTarget "GolfTrackWatch Watch AppTests" */;
			buildPhases = (
				EE646C312FABC99F00CD80D5 /* Sources */,
				EE646C322FABC99F00CD80D5 /* Frameworks */,
				EE646C332FABC99F00CD80D5 /* Resources */,
			);
			buildRules = (
			);
			dependencies = (
				EE646C372FABC99F00CD80D5 /* PBXTargetDependency */,
			);
			fileSystemSynchronizedGroups = (
				EE646C382FABC99F00CD80D5 /* GolfTrackWatch Watch AppTests */,
			);
			name = "GolfTrackWatch Watch AppTests";
			packageProductDependencies = (
			);
			productName = "GolfTrackWatch Watch AppTests";
			productReference = EE646C352FABC99F00CD80D5 /* GolfTrackWatch Watch AppTests.xctest */;
			productType = "com.apple.product-type.bundle.unit-test";
		};
		EE646C3E2FABC99F00CD80D5 /* GolfTrackWatch Watch AppUITests */ = {
			isa = PBXNativeTarget;
			buildConfigurationList = EE646C512FABC99F00CD80D5 /* Build configuration list for PBXNativeTarget "GolfTrackWatch Watch AppUITests" */;
			buildPhases = (
				EE646C3B2FABC99F00CD80D5 /* Sources */,
				EE646C3C2FABC99F00CD80D5 /* Frameworks */,
				EE646C3D2FABC99F00CD80D5 /* Resources */,
			);
			buildRules = (
			);
			dependencies = (
				EE646C412FABC99F00CD80D5 /* PBXTargetDependency */,
			);
			fileSystemSynchronizedGroups = (
				EE646C422FABC99F00CD80D5 /* GolfTrackWatch Watch AppUITests */,
			);
			name = "GolfTrackWatch Watch AppUITests";
			packageProductDependencies = (
			);
			productName = "GolfTrackWatch Watch AppUITests";
			productReference = EE646C3F2FABC99F00CD80D5 /* GolfTrackWatch Watch AppUITests.xctest */;
			productType = "com.apple.product-type.bundle.ui-testing";
		};
		EEB4CF7F2FB4BB5F00E6D6A5 /* GolfWidgetExtension */ = {
			isa = PBXNativeTarget;
			buildConfigurationList = EEB4CF952FB4BB6100E6D6A5 /* Build configuration list for PBXNativeTarget "GolfWidgetExtension" */;
			buildPhases = (
				EEB4CF7C2FB4BB5F00E6D6A5 /* Sources */,
				EEB4CF7D2FB4BB5F00E6D6A5 /* Frameworks */,
				EEB4CF7E2FB4BB5F00E6D6A5 /* Resources */,
			);
			buildRules = (
			);
			dependencies = (
			);
			fileSystemSynchronizedGroups = (
				EEB4CF862FB4BB5F00E6D6A5 /* GolfWidget */,
			);
			name = GolfWidgetExtension;
			packageProductDependencies = (
			);
			productName = GolfWidgetExtension;
			productReference = EEB4CF802FB4BB5F00E6D6A5 /* GolfWidgetExtension.appex */;
			productType = "com.apple.product-type.app-extension";
		};
/* End PBXNativeTarget section */

/* Begin PBXProject section */
		EE0A1E7B2FA3B5250018E2EC /* Project object */ = {
			isa = PBXProject;
			attributes = {
				BuildIndependentTargetsInParallel = 1;
				LastSwiftUpdateCheck = 2650;
				LastUpgradeCheck = 2650;
				TargetAttributes = {
					EE0A1E822FA3B5250018E2EC = {
						CreatedOnToolsVersion = 26.4.1;
					};
					EE0A1E8F2FA3B5260018E2EC = {
						CreatedOnToolsVersion = 26.4.1;
						TestTargetID = EE0A1E822FA3B5250018E2EC;
					};
					EE0A1E992FA3B5260018E2EC = {
						CreatedOnToolsVersion = 26.4.1;
						TestTargetID = EE0A1E822FA3B5250018E2EC;
					};
					EE646C282FABC99D00CD80D5 = {
						CreatedOnToolsVersion = 26.4.1;
					};
					EE646C342FABC99F00CD80D5 = {
						CreatedOnToolsVersion = 26.4.1;
						TestTargetID = EE646C282FABC99D00CD80D5;
					};
					EE646C3E2FABC99F00CD80D5 = {
						CreatedOnToolsVersion = 26.4.1;
						TestTargetID = EE646C282FABC99D00CD80D5;
					};
					EEB4CF7F2FB4BB5F00E6D6A5 = {
						CreatedOnToolsVersion = 26.5;
					};
				};
			};
			buildConfigurationList = EE0A1E7E2FA3B5250018E2EC /* Build configuration list for PBXProject "GolfTrackApp" */;
			developmentRegion = en;
			hasScannedForEncodings = 0;
			knownRegions = (
				en,
				Base,
			);
			mainGroup = EE0A1E7A2FA3B5250018E2EC;
			minimizedProjectReferenceProxies = 1;
			packageReferences = (
				EE1F2A002FA3B5250018E2EC /* XCRemoteSwiftPackageReference "elevenlabs-swift-sdk" */,
			);
			preferredProjectObjectVersion = 77;
			productRefGroup = EE0A1E842FA3B5250018E2EC /* Products */;
			projectDirPath = "";
			projectRoot = "";
			targets = (
				EE0A1E822FA3B5250018E2EC /* GolfTrackApp */,
				EE0A1E8F2FA3B5260018E2EC /* GolfTrackAppTests */,
				EE0A1E992FA3B5260018E2EC /* GolfTrackAppUITests */,
				EE646C282FABC99D00CD80D5 /* GolfTrackWatch Watch App */,
				EE646C342FABC99F00CD80D5 /* GolfTrackWatch Watch AppTests */,
				EE646C3E2FABC99F00CD80D5 /* GolfTrackWatch Watch AppUITests */,
				EEB4CF7F2FB4BB5F00E6D6A5 /* GolfWidgetExtension */,
			);
		};
/* End PBXProject section */

/* Begin PBXResourcesBuildPhase section */
		EE0A1E812FA3B5250018E2EC /* Resources */ = {
			isa = PBXResourcesBuildPhase;
			buildActionMask = 2147483647;
			files = (
				EEFB8CE12FB9196B0045E2F2 /* Localizable.xcstrings in Resources */,
			);
			runOnlyForDeploymentPostprocessing = 0;
		};
		EE0A1E8E2FA3B5260018E2EC /* Resources */ = {
			isa = PBXResourcesBuildPhase;
			buildActionMask = 2147483647;
			files = (
			);
			runOnlyForDeploymentPostprocessing = 0;
		};
		EE0A1E982FA3B5260018E2EC /* Resources */ = {
			isa = PBXResourcesBuildPhase;
			buildActionMask = 2147483647;
			files = (
			);
			runOnlyForDeploymentPostprocessing = 0;
		};
		EE646C272FABC99D00CD80D5 /* Resources */ = {
			isa = PBXResourcesBuildPhase;
			buildActionMask = 2147483647;
			files = (
			);
			runOnlyForDeploymentPostprocessing = 0;
		};
		EE646C332FABC99F00CD80D5 /* Resources */ = {
			isa = PBXResourcesBuildPhase;
			buildActionMask = 2147483647;
			files = (
			);
			runOnlyForDeploymentPostprocessing = 0;
		};
		EE646C3D2FABC99F00CD80D5 /* Resources */ = {
			isa = PBXResourcesBuildPhase;
			buildActionMask = 2147483647;
			files = (
			);
			runOnlyForDeploymentPostprocessing = 0;
		};
		EEB4CF7E2FB4BB5F00E6D6A5 /* Resources */ = {
			isa = PBXResourcesBuildPhase;
			buildActionMask = 2147483647;
			files = (
			);
			runOnlyForDeploymentPostprocessing = 0;
		};
/* End PBXResourcesBuildPhase section */

/* Begin PBXSourcesBuildPhase section */
		EE0A1E7F2FA3B5250018E2EC /* Sources */ = {
			isa = PBXSourcesBuildPhase;
			buildActionMask = 2147483647;
			files = (
			);
			runOnlyForDeploymentPostprocessing = 0;
		};
		EE0A1E8C2FA3B5260018E2EC /* Sources */ = {
			isa = PBXSourcesBuildPhase;
			buildActionMask = 2147483647;
			files = (
			);
			runOnlyForDeploymentPostprocessing = 0;
		};
		EE0A1E962FA3B5260018E2EC /* Sources */ = {
			isa = PBXSourcesBuildPhase;
			buildActionMask = 2147483647;
			files = (
			);
			runOnlyForDeploymentPostprocessing = 0;
		};
		EE646C252FABC99D00CD80D5 /* Sources */ = {
			isa = PBXSourcesBuildPhase;
			buildActionMask = 2147483647;
			files = (
			);
			runOnlyForDeploymentPostprocessing = 0;
		};
		EE646C312FABC99F00CD80D5 /* Sources */ = {
			isa = PBXSourcesBuildPhase;
			buildActionMask = 2147483647;
			files = (
			);
			runOnlyForDeploymentPostprocessing = 0;
		};
		EE646C3B2FABC99F00CD80D5 /* Sources */ = {
			isa = PBXSourcesBuildPhase;
			buildActionMask = 2147483647;
			files = (
			);
			runOnlyForDeploymentPostprocessing = 0;
		};
		EEB4CF7C2FB4BB5F00E6D6A5 /* Sources */ = {
			isa = PBXSourcesBuildPhase;
			buildActionMask = 2147483647;
			files = (
			);
			runOnlyForDeploymentPostprocessing = 0;
		};
/* End PBXSourcesBuildPhase section */

/* Begin PBXTargetDependency section */
		EE0A1E922FA3B5260018E2EC /* PBXTargetDependency */ = {
			isa = PBXTargetDependency;
			target = EE0A1E822FA3B5250018E2EC /* GolfTrackApp */;
			targetProxy = EE0A1E912FA3B5260018E2EC /* PBXContainerItemProxy */;
		};
		EE0A1E9C2FA3B5260018E2EC /* PBXTargetDependency */ = {
			isa = PBXTargetDependency;
			target = EE0A1E822FA3B5250018E2EC /* GolfTrackApp */;
			targetProxy = EE0A1E9B2FA3B5260018E2EC /* PBXContainerItemProxy */;
		};
		EE646C372FABC99F00CD80D5 /* PBXTargetDependency */ = {
			isa = PBXTargetDependency;
			target = EE646C282FABC99D00CD80D5 /* GolfTrackWatch Watch App */;
			targetProxy = EE646C362FABC99F00CD80D5 /* PBXContainerItemProxy */;
		};
		EE646C412FABC99F00CD80D5 /* PBXTargetDependency */ = {
			isa = PBXTargetDependency;
			target = EE646C282FABC99D00CD80D5 /* GolfTrackWatch Watch App */;
			targetProxy = EE646C402FABC99F00CD80D5 /* PBXContainerItemProxy */;
		};
		EE646C482FABC99F00CD80D5 /* PBXTargetDependency */ = {
			isa = PBXTargetDependency;
			target = EE646C282FABC99D00CD80D5 /* GolfTrackWatch Watch App */;
			targetProxy = EE646C472FABC99F00CD80D5 /* PBXContainerItemProxy */;
		};
		EEB4CF932FB4BB6100E6D6A5 /* PBXTargetDependency */ = {
			isa = PBXTargetDependency;
			target = EEB4CF7F2FB4BB5F00E6D6A5 /* GolfWidgetExtension */;
			targetProxy = EEB4CF922FB4BB6100E6D6A5 /* PBXContainerItemProxy */;
		};
/* End PBXTargetDependency section */

/* Begin XCBuildConfiguration section */
		EE0A1EA22FA3B5260018E2EC /* Debug */ = {
			isa = XCBuildConfiguration;
			buildSettings = {
				ALWAYS_SEARCH_USER_PATHS = NO;
				ASSETCATALOG_COMPILER_GENERATE_SWIFT_ASSET_SYMBOL_EXTENSIONS = YES;
				CLANG_ANALYZER_NONNULL = YES;
				CLANG_ANALYZER_NUMBER_OBJECT_CONVERSION = YES_AGGRESSIVE;
				CLANG_CXX_LANGUAGE_STANDARD = "gnu++20";
				CLANG_ENABLE_MODULES = YES;
				CLANG_ENABLE_OBJC_ARC = YES;
				CLANG_ENABLE_OBJC_WEAK = YES;
				CLANG_WARN_BLOCK_CAPTURE_AUTORELEASING = YES;
				CLANG_WARN_BOOL_CONVERSION = YES;
				CLANG_WARN_COMMA = YES;
				CLANG_WARN_CONSTANT_CONVERSION = YES;
				CLANG_WARN_DEPRECATED_OBJC_IMPLEMENTATIONS = YES;
				CLANG_WARN_DIRECT_OBJC_ISA_USAGE = YES_ERROR;
				CLANG_WARN_DOCUMENTATION_COMMENTS = YES;
				CLANG_WARN_EMPTY_BODY = YES;
				CLANG_WARN_ENUM_CONVERSION = YES;
				CLANG_WARN_INFINITE_RECURSION = YES;
				CLANG_WARN_INT_CONVERSION = YES;
				CLANG_WARN_NON_LITERAL_NULL_CONVERSION = YES;
				CLANG_WARN_OBJC_IMPLICIT_RETAIN_SELF = YES;
				CLANG_WARN_OBJC_LITERAL_CONVERSION = YES;
				CLANG_WARN_OBJC_ROOT_CLASS = YES_ERROR;
				CLANG_WARN_QUOTED_INCLUDE_IN_FRAMEWORK_HEADER = YES;
				CLANG_WARN_RANGE_LOOP_ANALYSIS = YES;
				CLANG_WARN_STRICT_PROTOTYPES = YES;
				CLANG_WARN_SUSPICIOUS_MOVE = YES;
				CLANG_WARN_UNGUARDED_AVAILABILITY = YES_AGGRESSIVE;
				CLANG_WARN_UNREACHABLE_CODE = YES;
				CLANG_WARN__DUPLICATE_METHOD_MATCH = YES;
				COPY_PHASE_STRIP = NO;
				DEBUG_INFORMATION_FORMAT = dwarf;
				DEVELOPMENT_TEAM = CH9C3LJXC8;
				ENABLE_STRICT_OBJC_MSGSEND = YES;
				ENABLE_TESTABILITY = YES;
				ENABLE_USER_SCRIPT_SANDBOXING = YES;
				GCC_C_LANGUAGE_STANDARD = gnu17;
				GCC_DYNAMIC_NO_PIC = NO;
				GCC_NO_COMMON_BLOCKS = YES;
				GCC_OPTIMIZATION_LEVEL = 0;
				GCC_PREPROCESSOR_DEFINITIONS = (
					"DEBUG=1",
					"$(inherited)",
				);
				GCC_WARN_64_TO_32_BIT_CONVERSION = YES;
				GCC_WARN_ABOUT_RETURN_TYPE = YES_ERROR;
				GCC_WARN_UNDECLARED_SELECTOR = YES;
				GCC_WARN_UNINITIALIZED_AUTOS = YES_AGGRESSIVE;
				GCC_WARN_UNUSED_FUNCTION = YES;
				GCC_WARN_UNUSED_VARIABLE = YES;
				IPHONEOS_DEPLOYMENT_TARGET = 17.0;
				LOCALIZATION_PREFERS_STRING_CATALOGS = YES;
				MTL_ENABLE_DEBUG_INFO = INCLUDE_SOURCE;
				MTL_FAST_MATH = YES;
				ONLY_ACTIVE_ARCH = YES;
				SDKROOT = iphoneos;
				STRING_CATALOG_GENERATE_SYMBOLS = YES;
				SWIFT_ACTIVE_COMPILATION_CONDITIONS = "DEBUG $(inherited)";
				SWIFT_OPTIMIZATION_LEVEL = "-Onone";
			};
			name = Debug;
		};
		EE0A1EA32FA3B5260018E2EC /* Release */ = {
			isa = XCBuildConfiguration;
			buildSettings = {
				ALWAYS_SEARCH_USER_PATHS = NO;
				ASSETCATALOG_COMPILER_GENERATE_SWIFT_ASSET_SYMBOL_EXTENSIONS = YES;
				CLANG_ANALYZER_NONNULL = YES;
				CLANG_ANALYZER_NUMBER_OBJECT_CONVERSION = YES_AGGRESSIVE;
				CLANG_CXX_LANGUAGE_STANDARD = "gnu++20";
				CLANG_ENABLE_MODULES = YES;
				CLANG_ENABLE_OBJC_ARC = YES;
				CLANG_ENABLE_OBJC_WEAK = YES;
				CLANG_WARN_BLOCK_CAPTURE_AUTORELEASING = YES;
				CLANG_WARN_BOOL_CONVERSION = YES;
				CLANG_WARN_COMMA = YES;
				CLANG_WARN_CONSTANT_CONVERSION = YES;
				CLANG_WARN_DEPRECATED_OBJC_IMPLEMENTATIONS = YES;
				CLANG_WARN_DIRECT_OBJC_ISA_USAGE = YES_ERROR;
				CLANG_WARN_DOCUMENTATION_COMMENTS = YES;
				CLANG_WARN_EMPTY_BODY = YES;
				CLANG_WARN_ENUM_CONVERSION = YES;
				CLANG_WARN_INFINITE_RECURSION = YES;
				CLANG_WARN_INT_CONVERSION = YES;
				CLANG_WARN_NON_LITERAL_NULL_CONVERSION = YES;
				CLANG_WARN_OBJC_IMPLICIT_RETAIN_SELF = YES;
				CLANG_WARN_OBJC_LITERAL_CONVERSION = YES;
				CLANG_WARN_OBJC_ROOT_CLASS = YES_ERROR;
				CLANG_WARN_QUOTED_INCLUDE_IN_FRAMEWORK_HEADER = YES;
				CLANG_WARN_RANGE_LOOP_ANALYSIS = YES;
				CLANG_WARN_STRICT_PROTOTYPES = YES;
				CLANG_WARN_SUSPICIOUS_MOVE = YES;
				CLANG_WARN_UNGUARDED_AVAILABILITY = YES_AGGRESSIVE;
				CLANG_WARN_UNREACHABLE_CODE = YES;
				CLANG_WARN__DUPLICATE_METHOD_MATCH = YES;
				COPY_PHASE_STRIP = NO;
				DEBUG_INFORMATION_FORMAT = "dwarf-with-dsym";
				DEVELOPMENT_TEAM = CH9C3LJXC8;
				ENABLE_NS_ASSERTIONS = NO;
				ENABLE_STRICT_OBJC_MSGSEND = YES;
				ENABLE_USER_SCRIPT_SANDBOXING = YES;
				GCC_C_LANGUAGE_STANDARD = gnu17;
				GCC_NO_COMMON_BLOCKS = YES;
				GCC_WARN_64_TO_32_BIT_CONVERSION = YES;
				GCC_WARN_ABOUT_RETURN_TYPE = YES_ERROR;
				GCC_WARN_UNDECLARED_SELECTOR = YES;
				GCC_WARN_UNINITIALIZED_AUTOS = YES_AGGRESSIVE;
				GCC_WARN_UNUSED_FUNCTION = YES;
				GCC_WARN_UNUSED_VARIABLE = YES;
				IPHONEOS_DEPLOYMENT_TARGET = 17.0;
				LOCALIZATION_PREFERS_STRING_CATALOGS = YES;
				MTL_ENABLE_DEBUG_INFO = NO;
				MTL_FAST_MATH = YES;
				SDKROOT = iphoneos;
				STRING_CATALOG_GENERATE_SYMBOLS = YES;
				SWIFT_COMPILATION_MODE = wholemodule;
				VALIDATE_PRODUCT = YES;
			};
			name = Release;
		};
		EE0A1EA52FA3B5260018E2EC /* Debug */ = {
			isa = XCBuildConfiguration;
			buildSettings = {
				ASSETCATALOG_COMPILER_APPICON_NAME = AppIcon;
				ASSETCATALOG_COMPILER_GLOBAL_ACCENT_COLOR_NAME = AccentColor;
				CODE_SIGN_ENTITLEMENTS = GolfTrackApp/GolfTrackApp.entitlements;
				CODE_SIGN_IDENTITY = "Apple Development";
				CODE_SIGN_STYLE = Automatic;
				CURRENT_PROJECT_VERSION = 1;
				DEVELOPMENT_TEAM = NY363CML59;
				ENABLE_PREVIEWS = YES;
				GENERATE_INFOPLIST_FILE = YES;
				INFOPLIST_FILE = GolfTrackApp/Info.plist;
				INFOPLIST_KEY_CFBundleDisplayName = GolfTrack;
				INFOPLIST_KEY_LSApplicationCategoryType = "public.app-category.sports";
				INFOPLIST_KEY_NSCameraUsageDescription = "GolfTrack verwendet die Kamera, um Mitgliedskarten und Belege zu scannen.";
				INFOPLIST_KEY_NSLocationWhenInUseUsageDescription = "GolfTrack benötigt deinen Standort, um das aktuelle Wetter für deinen Golfplatz anzuzeigen.";
				INFOPLIST_KEY_NSMicrophoneUsageDescription = "Caddy, dein Golf-Assistent, benötigt das Mikrofon für Sprachgespräche.";
				INFOPLIST_KEY_NSPhotoLibraryUsageDescription = "GolfTrack liest Fotos aus deiner Bibliothek, um Dokumente hinzuzufügen.";
				INFOPLIST_KEY_NSSupportsLiveActivities = YES;
				INFOPLIST_KEY_UIApplicationSceneManifest_Generation = YES;
				INFOPLIST_KEY_UIApplicationSupportsIndirectInputEvents = YES;
				INFOPLIST_KEY_UILaunchScreen_Generation = YES;
				INFOPLIST_KEY_UISupportedInterfaceOrientations_iPad = "UIInterfaceOrientationPortrait UIInterfaceOrientationPortraitUpsideDown UIInterfaceOrientationLandscapeLeft UIInterfaceOrientationLandscapeRight";
				INFOPLIST_KEY_UISupportedInterfaceOrientations_iPhone = "UIInterfaceOrientationPortrait UIInterfaceOrientationLandscapeLeft UIInterfaceOrientationLandscapeRight";
				IPHONEOS_DEPLOYMENT_TARGET = 17.0;
				LD_RUNPATH_SEARCH_PATHS = (
					"$(inherited)",
					"@executable_path/Frameworks",
				);
				MARKETING_VERSION = 2.1;
				PRODUCT_BUNDLE_IDENTIFIER = com.TobiasAufschlaeger.GolfTrackandwatch;
				PRODUCT_NAME = "$(TARGET_NAME)";
				PROVISIONING_PROFILE_SPECIFIER = "";
				STRING_CATALOG_GENERATE_SYMBOLS = YES;
				SWIFT_APPROACHABLE_CONCURRENCY = YES;
				SWIFT_DEFAULT_ACTOR_ISOLATION = MainActor;
				SWIFT_EMIT_LOC_STRINGS = YES;
				SWIFT_UPCOMING_FEATURE_MEMBER_IMPORT_VISIBILITY = YES;
				SWIFT_VERSION = 5.0;
				TARGETED_DEVICE_FAMILY = "1,2";
			};
			name = Debug;
		};
		EE0A1EA62FA3B5260018E2EC /* Release */ = {
			isa = XCBuildConfiguration;
			buildSettings = {
				ASSETCATALOG_COMPILER_APPICON_NAME = AppIcon;
				ASSETCATALOG_COMPILER_GLOBAL_ACCENT_COLOR_NAME = AccentColor;
				CODE_SIGN_ENTITLEMENTS = GolfTrackApp/GolfTrackAppRelease.entitlements;
				CODE_SIGN_STYLE = Automatic;
				CURRENT_PROJECT_VERSION = 1;
				DEVELOPMENT_TEAM = NY363CML59;
				ENABLE_PREVIEWS = YES;
				GENERATE_INFOPLIST_FILE = YES;
				INFOPLIST_FILE = GolfTrackApp/Info.plist;
				INFOPLIST_KEY_CFBundleDisplayName = GolfTrack;
				INFOPLIST_KEY_LSApplicationCategoryType = "public.app-category.sports";
				INFOPLIST_KEY_NSCameraUsageDescription = "GolfTrack verwendet die Kamera, um Mitgliedskarten und Belege zu scannen.";
				INFOPLIST_KEY_NSLocationWhenInUseUsageDescription = "GolfTrack benötigt deinen Standort, um das aktuelle Wetter für deinen Golfplatz anzuzeigen.";
				INFOPLIST_KEY_NSMicrophoneUsageDescription = "Caddy, dein Golf-Assistent, benötigt das Mikrofon für Sprachgespräche.";
				INFOPLIST_KEY_NSPhotoLibraryUsageDescription = "GolfTrack liest Fotos aus deiner Bibliothek, um Dokumente hinzuzufügen.";
				INFOPLIST_KEY_NSSupportsLiveActivities = YES;
				INFOPLIST_KEY_UIApplicationSceneManifest_Generation = YES;
				INFOPLIST_KEY_UIApplicationSupportsIndirectInputEvents = YES;
				INFOPLIST_KEY_UILaunchScreen_Generation = YES;
				INFOPLIST_KEY_UISupportedInterfaceOrientations_iPad = "UIInterfaceOrientationPortrait UIInterfaceOrientationPortraitUpsideDown UIInterfaceOrientationLandscapeLeft UIInterfaceOrientationLandscapeRight";
				INFOPLIST_KEY_UISupportedInterfaceOrientations_iPhone = "UIInterfaceOrientationPortrait UIInterfaceOrientationLandscapeLeft UIInterfaceOrientationLandscapeRight";
				IPHONEOS_DEPLOYMENT_TARGET = 17.0;
				LD_RUNPATH_SEARCH_PATHS = (
					"$(inherited)",
					"@executable_path/Frameworks",
				);
				MARKETING_VERSION = 2.1;
				PRODUCT_BUNDLE_IDENTIFIER = com.TobiasAufschlaeger.GolfTrackandwatch;
				PRODUCT_NAME = "$(TARGET_NAME)";
				PROVISIONING_PROFILE_SPECIFIER = "";
				STRING_CATALOG_GENERATE_SYMBOLS = YES;
				SWIFT_APPROACHABLE_CONCURRENCY = YES;
				SWIFT_DEFAULT_ACTOR_ISOLATION = MainActor;
				SWIFT_EMIT_LOC_STRINGS = YES;
				SWIFT_UPCOMING_FEATURE_MEMBER_IMPORT_VISIBILITY = YES;
				SWIFT_VERSION = 5.0;
				TARGETED_DEVICE_FAMILY = "1,2";
			};
			name = Release;
		};
		EE0A1EA82FA3B5260018E2EC /* Debug */ = {
			isa = XCBuildConfiguration;
			buildSettings = {
				BUNDLE_LOADER = "$(TEST_HOST)";
				CODE_SIGN_STYLE = Automatic;
				CURRENT_PROJECT_VERSION = 1;
				DEVELOPMENT_TEAM = 74FRFF945V;
				GENERATE_INFOPLIST_FILE = YES;
				IPHONEOS_DEPLOYMENT_TARGET = 17.0;
				MARKETING_VERSION = 1.0;
				PRODUCT_BUNDLE_IDENTIFIER = com.TobiasAufschlaeger.GolfTrack.Tests;
				PRODUCT_NAME = "$(TARGET_NAME)";
				STRING_CATALOG_GENERATE_SYMBOLS = NO;
				SWIFT_APPROACHABLE_CONCURRENCY = YES;
				SWIFT_EMIT_LOC_STRINGS = NO;
				SWIFT_UPCOMING_FEATURE_MEMBER_IMPORT_VISIBILITY = YES;
				SWIFT_VERSION = 5.0;
				TARGETED_DEVICE_FAMILY = "1,2";
				TEST_HOST = "$(BUILT_PRODUCTS_DIR)/GolfTrackApp.app/$(BUNDLE_EXECUTABLE_FOLDER_PATH)/GolfTrackApp";
			};
			name = Debug;
		};
		EE0A1EA92FA3B5260018E2EC /* Release */ = {
			isa = XCBuildConfiguration;
			buildSettings = {
				BUNDLE_LOADER = "$(TEST_HOST)";
				CODE_SIGN_STYLE = Automatic;
				CURRENT_PROJECT_VERSION = 1;
				DEVELOPMENT_TEAM = 74FRFF945V;
				GENERATE_INFOPLIST_FILE = YES;
				IPHONEOS_DEPLOYMENT_TARGET = 17.0;
				MARKETING_VERSION = 1.0;
				PRODUCT_BUNDLE_IDENTIFIER = com.TobiasAufschlaeger.GolfTrack.Tests;
				PRODUCT_NAME = "$(TARGET_NAME)";
				STRING_CATALOG_GENERATE_SYMBOLS = NO;
				SWIFT_APPROACHABLE_CONCURRENCY = YES;
				SWIFT_EMIT_LOC_STRINGS = NO;
				SWIFT_UPCOMING_FEATURE_MEMBER_IMPORT_VISIBILITY = YES;
				SWIFT_VERSION = 5.0;
				TARGETED_DEVICE_FAMILY = "1,2";
				TEST_HOST = "$(BUILT_PRODUCTS_DIR)/GolfTrackApp.app/$(BUNDLE_EXECUTABLE_FOLDER_PATH)/GolfTrackApp";
			};
			name = Release;
		};
		EE0A1EAB2FA3B5260018E2EC /* Debug */ = {
			isa = XCBuildConfiguration;
			buildSettings = {
				CODE_SIGN_STYLE = Automatic;
				CURRENT_PROJECT_VERSION = 1;
				DEVELOPMENT_TEAM = 74FRFF945V;
				GENERATE_INFOPLIST_FILE = YES;
				MARKETING_VERSION = 1.0;
				PRODUCT_BUNDLE_IDENTIFIER = com.TobiasAufschlaeger.GolfTrack.UITests;
				PRODUCT_NAME = "$(TARGET_NAME)";
				STRING_CATALOG_GENERATE_SYMBOLS = NO;
				SWIFT_APPROACHABLE_CONCURRENCY = YES;
				SWIFT_EMIT_LOC_STRINGS = NO;
				SWIFT_UPCOMING_FEATURE_MEMBER_IMPORT_VISIBILITY = YES;
				SWIFT_VERSION = 5.0;
				TARGETED_DEVICE_FAMILY = "1,2";
				TEST_TARGET_NAME = GolfTrackApp;
			};
			name = Debug;
		};
		EE0A1EAC2FA3B5260018E2EC /* Release */ = {
			isa = XCBuildConfiguration;
			buildSettings = {
				CODE_SIGN_STYLE = Automatic;
				CURRENT_PROJECT_VERSION = 1;
				DEVELOPMENT_TEAM = 74FRFF945V;
				GENERATE_INFOPLIST_FILE = YES;
				MARKETING_VERSION = 1.0;
				PRODUCT_BUNDLE_IDENTIFIER = com.TobiasAufschlaeger.GolfTrack.UITests;
				PRODUCT_NAME = "$(TARGET_NAME)";
				STRING_CATALOG_GENERATE_SYMBOLS = NO;
				SWIFT_APPROACHABLE_CONCURRENCY = YES;
				SWIFT_EMIT_LOC_STRINGS = NO;
				SWIFT_UPCOMING_FEATURE_MEMBER_IMPORT_VISIBILITY = YES;
				SWIFT_VERSION = 5.0;
				TARGETED_DEVICE_FAMILY = "1,2";
				TEST_TARGET_NAME = GolfTrackApp;
			};
			name = Release;
		};
		EE646C4B2FABC99F00CD80D5 /* Debug */ = {
			isa = XCBuildConfiguration;
			buildSettings = {
				ASSETCATALOG_COMPILER_APPICON_NAME = AppIcon;
				ASSETCATALOG_COMPILER_GLOBAL_ACCENT_COLOR_NAME = AccentColor;
				CODE_SIGN_ENTITLEMENTS = "GolfTrackWatch Watch App/GolfTrackWatch.entitlements";
				CODE_SIGN_IDENTITY = "Apple Development";
				CODE_SIGN_STYLE = Automatic;
				CURRENT_PROJECT_VERSION = 1;
				DEVELOPMENT_TEAM = NY363CML59;
				ENABLE_PREVIEWS = YES;
				GENERATE_INFOPLIST_FILE = YES;
				INFOPLIST_KEY_CFBundleDisplayName = GolfTrackWatch;
				INFOPLIST_KEY_NSLocationWhenInUseUsageDescription = "Wird benötigt, um deinen Abschlag und Auftreffpunkt auf dem Golfplatz zu erfassen.";
				INFOPLIST_KEY_UISupportedInterfaceOrientations = "UIInterfaceOrientationPortrait UIInterfaceOrientationPortraitUpsideDown";
				INFOPLIST_KEY_WKCompanionAppBundleIdentifier = com.TobiasAufschlaeger.GolfTrackandwatch;
				LD_RUNPATH_SEARCH_PATHS = (
					"$(inherited)",
					"@executable_path/Frameworks",
				);
				MARKETING_VERSION = 2.1;
				PRODUCT_BUNDLE_IDENTIFIER = com.TobiasAufschlaeger.GolfTrackandwatch.watchkitapp;
				PRODUCT_NAME = "$(TARGET_NAME)";
				SDKROOT = watchos;
				SKIP_INSTALL = YES;
				STRING_CATALOG_GENERATE_SYMBOLS = YES;
				SWIFT_APPROACHABLE_CONCURRENCY = YES;
				SWIFT_DEFAULT_ACTOR_ISOLATION = MainActor;
				SWIFT_EMIT_LOC_STRINGS = YES;
				SWIFT_UPCOMING_FEATURE_MEMBER_IMPORT_VISIBILITY = YES;
				SWIFT_VERSION = 5.0;
				TARGETED_DEVICE_FAMILY = 4;
				WATCHOS_DEPLOYMENT_TARGET = 11.0;
			};
			name = Debug;
		};
		EE646C4C2FABC99F00CD80D5 /* Release */ = {
			isa = XCBuildConfiguration;
			buildSettings = {
				ASSETCATALOG_COMPILER_APPICON_NAME = AppIcon;
				ASSETCATALOG_COMPILER_GLOBAL_ACCENT_COLOR_NAME = AccentColor;
				CODE_SIGN_ENTITLEMENTS = "GolfTrackWatch Watch App/GolfTrackWatch.entitlements";
				CODE_SIGN_STYLE = Automatic;
				CURRENT_PROJECT_VERSION = 1;
				DEVELOPMENT_TEAM = NY363CML59;
				ENABLE_PREVIEWS = YES;
				GENERATE_INFOPLIST_FILE = YES;
				INFOPLIST_KEY_CFBundleDisplayName = GolfTrackWatch;
				INFOPLIST_KEY_NSLocationWhenInUseUsageDescription = "Wird benötigt, um deinen Abschlag und Auftreffpunkt auf dem Golfplatz zu erfassen.";
				INFOPLIST_KEY_UISupportedInterfaceOrientations = "UIInterfaceOrientationPortrait UIInterfaceOrientationPortraitUpsideDown";
				INFOPLIST_KEY_WKCompanionAppBundleIdentifier = com.TobiasAufschlaeger.GolfTrackandwatch;
				LD_RUNPATH_SEARCH_PATHS = (
					"$(inherited)",
					"@executable_path/Frameworks",
				);
				MARKETING_VERSION = 2.1;
				PRODUCT_BUNDLE_IDENTIFIER = com.TobiasAufschlaeger.GolfTrackandwatch.watchkitapp;
				PRODUCT_NAME = "$(TARGET_NAME)";
				SDKROOT = watchos;
				SKIP_INSTALL = YES;
				STRING_CATALOG_GENERATE_SYMBOLS = YES;
				SWIFT_APPROACHABLE_CONCURRENCY = YES;
				SWIFT_DEFAULT_ACTOR_ISOLATION = MainActor;
				SWIFT_EMIT_LOC_STRINGS = YES;
				SWIFT_UPCOMING_FEATURE_MEMBER_IMPORT_VISIBILITY = YES;
				SWIFT_VERSION = 5.0;
				TARGETED_DEVICE_FAMILY = 4;
				WATCHOS_DEPLOYMENT_TARGET = 11.0;
			};
			name = Release;
		};
		EE646C4F2FABC99F00CD80D5 /* Debug */ = {
			isa = XCBuildConfiguration;
			buildSettings = {
				BUNDLE_LOADER = "$(TEST_HOST)";
				CODE_SIGN_STYLE = Automatic;
				CURRENT_PROJECT_VERSION = 1;
				DEVELOPMENT_TEAM = CH9C3LJXC8;
				GENERATE_INFOPLIST_FILE = YES;
				MARKETING_VERSION = 1.0;
				PRODUCT_BUNDLE_IDENTIFIER = "com.TobiasAufschlaeger.CarHideAndSeek.GolfTrackWatch-Watch-AppTests";
				PRODUCT_NAME = "$(TARGET_NAME)";
				SDKROOT = watchos;
				STRING_CATALOG_GENERATE_SYMBOLS = NO;
				SWIFT_APPROACHABLE_CONCURRENCY = YES;
				SWIFT_EMIT_LOC_STRINGS = NO;
				SWIFT_UPCOMING_FEATURE_MEMBER_IMPORT_VISIBILITY = YES;
				SWIFT_VERSION = 5.0;
				TARGETED_DEVICE_FAMILY = 4;
				TEST_HOST = "$(BUILT_PRODUCTS_DIR)/GolfTrackWatch Watch App.app/$(BUNDLE_EXECUTABLE_FOLDER_PATH)/GolfTrackWatch Watch App";
				WATCHOS_DEPLOYMENT_TARGET = 11.0;
			};
			name = Debug;
		};
		EE646C502FABC99F00CD80D5 /* Release */ = {
			isa = XCBuildConfiguration;
			buildSettings = {
				BUNDLE_LOADER = "$(TEST_HOST)";
				CODE_SIGN_STYLE = Automatic;
				CURRENT_PROJECT_VERSION = 1;
				DEVELOPMENT_TEAM = CH9C3LJXC8;
				GENERATE_INFOPLIST_FILE = YES;
				MARKETING_VERSION = 1.0;
				PRODUCT_BUNDLE_IDENTIFIER = "com.TobiasAufschlaeger.CarHideAndSeek.GolfTrackWatch-Watch-AppTests";
				PRODUCT_NAME = "$(TARGET_NAME)";
				SDKROOT = watchos;
				STRING_CATALOG_GENERATE_SYMBOLS = NO;
				SWIFT_APPROACHABLE_CONCURRENCY = YES;
				SWIFT_EMIT_LOC_STRINGS = NO;
				SWIFT_UPCOMING_FEATURE_MEMBER_IMPORT_VISIBILITY = YES;
				SWIFT_VERSION = 5.0;
				TARGETED_DEVICE_FAMILY = 4;
				TEST_HOST = "$(BUILT_PRODUCTS_DIR)/GolfTrackWatch Watch App.app/$(BUNDLE_EXECUTABLE_FOLDER_PATH)/GolfTrackWatch Watch App";
				WATCHOS_DEPLOYMENT_TARGET = 11.0;
			};
			name = Release;
		};
		EE646C522FABC99F00CD80D5 /* Debug */ = {
			isa = XCBuildConfiguration;
			buildSettings = {
				CODE_SIGN_STYLE = Automatic;
				CURRENT_PROJECT_VERSION = 1;
				DEVELOPMENT_TEAM = CH9C3LJXC8;
				GENERATE_INFOPLIST_FILE = YES;
				MARKETING_VERSION = 1.0;
				PRODUCT_BUNDLE_IDENTIFIER = "com.TobiasAufschlaeger.CarHideAndSeek.GolfTrackWatch-Watch-AppUITests";
				PRODUCT_NAME = "$(TARGET_NAME)";
				SDKROOT = watchos;
				STRING_CATALOG_GENERATE_SYMBOLS = NO;
				SWIFT_APPROACHABLE_CONCURRENCY = YES;
				SWIFT_EMIT_LOC_STRINGS = NO;
				SWIFT_UPCOMING_FEATURE_MEMBER_IMPORT_VISIBILITY = YES;
				SWIFT_VERSION = 5.0;
				TARGETED_DEVICE_FAMILY = 4;
				TEST_TARGET_NAME = "GolfTrackWatch Watch App";
				WATCHOS_DEPLOYMENT_TARGET = 11.0;
			};
			name = Debug;
		};
		EE646C532FABC99F00CD80D5 /* Release */ = {
			isa = XCBuildConfiguration;
			buildSettings = {
				CODE_SIGN_STYLE = Automatic;
				CURRENT_PROJECT_VERSION = 1;
				DEVELOPMENT_TEAM = CH9C3LJXC8;
				GENERATE_INFOPLIST_FILE = YES;
				MARKETING_VERSION = 1.0;
				PRODUCT_BUNDLE_IDENTIFIER = "com.TobiasAufschlaeger.CarHideAndSeek.GolfTrackWatch-Watch-AppUITests";
				PRODUCT_NAME = "$(TARGET_NAME)";
				SDKROOT = watchos;
				STRING_CATALOG_GENERATE_SYMBOLS = NO;
				SWIFT_APPROACHABLE_CONCURRENCY = YES;
				SWIFT_EMIT_LOC_STRINGS = NO;
				SWIFT_UPCOMING_FEATURE_MEMBER_IMPORT_VISIBILITY = YES;
				SWIFT_VERSION = 5.0;
				TARGETED_DEVICE_FAMILY = 4;
				TEST_TARGET_NAME = "GolfTrackWatch Watch App";
				WATCHOS_DEPLOYMENT_TARGET = 11.0;
			};
			name = Release;
		};
		EEB4CF962FB4BB6100E6D6A5 /* Debug */ = {
			isa = XCBuildConfiguration;
			buildSettings = {
				ASSETCATALOG_COMPILER_GLOBAL_ACCENT_COLOR_NAME = AccentColor;
				ASSETCATALOG_COMPILER_WIDGET_BACKGROUND_COLOR_NAME = WidgetBackground;
				CODE_SIGN_ENTITLEMENTS = GolfWidget/GolfWidget.entitlements;
				CODE_SIGN_IDENTITY = "Apple Development";
				CODE_SIGN_STYLE = Automatic;
				CURRENT_PROJECT_VERSION = 1;
				DEVELOPMENT_TEAM = NY363CML59;
				GENERATE_INFOPLIST_FILE = YES;
				INFOPLIST_FILE = GolfWidget/Info.plist;
				INFOPLIST_KEY_CFBundleDisplayName = GolfWidget;
				INFOPLIST_KEY_NSHumanReadableCopyright = "";
				IPHONEOS_DEPLOYMENT_TARGET = 17.0;
				LD_RUNPATH_SEARCH_PATHS = (
					"$(inherited)",
					"@executable_path/Frameworks",
					"@executable_path/../../Frameworks",
				);
				MARKETING_VERSION = 2.1;
				PRODUCT_BUNDLE_IDENTIFIER = com.TobiasAufschlaeger.GolfTrackandwatch.GolfWidget;
				PRODUCT_NAME = "$(TARGET_NAME)";
				SDKROOT = iphoneos;
				SKIP_INSTALL = YES;
				STRING_CATALOG_GENERATE_SYMBOLS = YES;
				SWIFT_APPROACHABLE_CONCURRENCY = YES;
				SWIFT_EMIT_LOC_STRINGS = YES;
				SWIFT_UPCOMING_FEATURE_MEMBER_IMPORT_VISIBILITY = YES;
				SWIFT_VERSION = 5.0;
				TARGETED_DEVICE_FAMILY = "1,2";
			};
			name = Debug;
		};
		EEB4CF972FB4BB6100E6D6A5 /* Release */ = {
			isa = XCBuildConfiguration;
			buildSettings = {
				ASSETCATALOG_COMPILER_GLOBAL_ACCENT_COLOR_NAME = AccentColor;
				ASSETCATALOG_COMPILER_WIDGET_BACKGROUND_COLOR_NAME = WidgetBackground;
				CODE_SIGN_ENTITLEMENTS = GolfWidget/GolfWidget.entitlements;
				CODE_SIGN_STYLE = Automatic;
				CURRENT_PROJECT_VERSION = 1;
				DEVELOPMENT_TEAM = NY363CML59;
				GENERATE_INFOPLIST_FILE = YES;
				INFOPLIST_FILE = GolfWidget/Info.plist;
				INFOPLIST_KEY_CFBundleDisplayName = GolfWidget;
				INFOPLIST_KEY_NSHumanReadableCopyright = "";
				IPHONEOS_DEPLOYMENT_TARGET = 17.0;
				LD_RUNPATH_SEARCH_PATHS = (
					"$(inherited)",
					"@executable_path/Frameworks",
					"@executable_path/../../Frameworks",
				);
				MARKETING_VERSION = 2.1;
				PRODUCT_BUNDLE_IDENTIFIER = com.TobiasAufschlaeger.GolfTrackandwatch.GolfWidget;
				PRODUCT_NAME = "$(TARGET_NAME)";
				SDKROOT = iphoneos;
				SKIP_INSTALL = YES;
				STRING_CATALOG_GENERATE_SYMBOLS = YES;
				SWIFT_APPROACHABLE_CONCURRENCY = YES;
				SWIFT_EMIT_LOC_STRINGS = YES;
				SWIFT_UPCOMING_FEATURE_MEMBER_IMPORT_VISIBILITY = YES;
				SWIFT_VERSION = 5.0;
				TARGETED_DEVICE_FAMILY = "1,2";
			};
			name = Release;
		};
/* End XCBuildConfiguration section */

/* Begin XCConfigurationList section */
		EE0A1E7E2FA3B5250018E2EC /* Build configuration list for PBXProject "GolfTrackApp" */ = {
			isa = XCConfigurationList;
			buildConfigurations = (
				EE0A1EA22FA3B5260018E2EC /* Debug */,
				EE0A1EA32FA3B5260018E2EC /* Release */,
			);
			defaultConfigurationIsVisible = 0;
			defaultConfigurationName = Release;
		};
		EE0A1EA42FA3B5260018E2EC /* Build configuration list for PBXNativeTarget "GolfTrackApp" */ = {
			isa = XCConfigurationList;
			buildConfigurations = (
				EE0A1EA52FA3B5260018E2EC /* Debug */,
				EE0A1EA62FA3B5260018E2EC /* Release */,
			);
			defaultConfigurationIsVisible = 0;
			defaultConfigurationName = Release;
		};
		EE0A1EA72FA3B5260018E2EC /* Build configuration list for PBXNativeTarget "GolfTrackAppTests" */ = {
			isa = XCConfigurationList;
			buildConfigurations = (
				EE0A1EA82FA3B5260018E2EC /* Debug */,
				EE0A1EA92FA3B5260018E2EC /* Release */,
			);
			defaultConfigurationIsVisible = 0;
			defaultConfigurationName = Release;
		};
		EE0A1EAA2FA3B5260018E2EC /* Build configuration list for PBXNativeTarget "GolfTrackAppUITests" */ = {
			isa = XCConfigurationList;
			buildConfigurations = (
				EE0A1EAB2FA3B5260018E2EC /* Debug */,
				EE0A1EAC2FA3B5260018E2EC /* Release */,
			);
			defaultConfigurationIsVisible = 0;
			defaultConfigurationName = Release;
		};
		EE646C4A2FABC99F00CD80D5 /* Build configuration list for PBXNativeTarget "GolfTrackWatch Watch App" */ = {
			isa = XCConfigurationList;
			buildConfigurations = (
				EE646C4B2FABC99F00CD80D5 /* Debug */,
				EE646C4C2FABC99F00CD80D5 /* Release */,
			);
			defaultConfigurationIsVisible = 0;
			defaultConfigurationName = Release;
		};
		EE646C4E2FABC99F00CD80D5 /* Build configuration list for PBXNativeTarget "GolfTrackWatch Watch AppTests" */ = {
			isa = XCConfigurationList;
			buildConfigurations = (
				EE646C4F2FABC99F00CD80D5 /* Debug */,
				EE646C502FABC99F00CD80D5 /* Release */,
			);
			defaultConfigurationIsVisible = 0;
			defaultConfigurationName = Release;
		};
		EE646C512FABC99F00CD80D5 /* Build configuration list for PBXNativeTarget "GolfTrackWatch Watch AppUITests" */ = {
			isa = XCConfigurationList;
			buildConfigurations = (
				EE646C522FABC99F00CD80D5 /* Debug */,
				EE646C532FABC99F00CD80D5 /* Release */,
			);
			defaultConfigurationIsVisible = 0;
			defaultConfigurationName = Release;
		};
		EEB4CF952FB4BB6100E6D6A5 /* Build configuration list for PBXNativeTarget "GolfWidgetExtension" */ = {
			isa = XCConfigurationList;
			buildConfigurations = (
				EEB4CF962FB4BB6100E6D6A5 /* Debug */,
				EEB4CF972FB4BB6100E6D6A5 /* Release */,
			);
			defaultConfigurationIsVisible = 0;
			defaultConfigurationName = Release;
		};
/* End XCConfigurationList section */

/* Begin XCRemoteSwiftPackageReference section */
		EE1F2A002FA3B5250018E2EC /* XCRemoteSwiftPackageReference "elevenlabs-swift-sdk" */ = {
			isa = XCRemoteSwiftPackageReference;
			repositoryURL = "https://github.com/elevenlabs/elevenlabs-swift-sdk";
			requirement = {
				kind = upToNextMajorVersion;
				minimumVersion = 3.0.0;
			};
		};
/* End XCRemoteSwiftPackageReference section */

/* Begin XCSwiftPackageProductDependency section */
		EE1F2A012FA3B5250018E2EC /* ElevenLabs */ = {
			isa = XCSwiftPackageProductDependency;
			package = EE1F2A002FA3B5250018E2EC /* XCRemoteSwiftPackageReference "elevenlabs-swift-sdk" */;
			productName = ElevenLabs;
		};
/* End XCSwiftPackageProductDependency section */
	};
	rootObject = EE0A1E7B2FA3B5250018E2EC /* Project object */;
}
